// !$*UTF8*$!
{
	archiveVersion = 1;
	classes = {
	};
	objectVersion = 56;
	objects = {

/* Begin PBXBuildFile section */
		A10000010000000000000001 /* RothkoScreenSaverView.swift in Sources */ = {isa = PBXBuildFile; fileRef = A10000100000000000000001 /* RothkoScreenSaverView.swift */; };
		A10000010000000000000002 /* index.html in Resources */ = {isa = PBXBuildFile; fileRef = A10000100000000000000002 /* index.html */; };
/* End PBXBuildFile section */

/* Begin PBXFileReference section */
		A10000100000000000000000 /* Rothko.saver */ = {isa = PBXFileReference; explicitFileType = wrapper.cfbundle; includeInIndex = 0; path = Rothko.saver; sourceTree = BUILT_PRODUCTS_DIR; };
		A10000100000000000000001 /* RothkoScreenSaverView.swift */ = {isa = PBXFileReference; lastKnownFileType = sourcecode.swift; path = RothkoScreenSaverView.swift; sourceTree = "<group>"; };
		A10000100000000000000002 /* index.html */ = {isa = PBXFileReference; lastKnownFileType = text.html; path = index.html; sourceTree = "<group>"; };
		A10000100000000000000003 /* Info.plist */ = {isa = PBXFileReference; lastKnownFileType = text.plist.xml; path = Info.plist; sourceTree = "<group>"; };
/* End PBXFileReference section */

/* Begin PBXFrameworksBuildPhase section */
		A10000200000000000000001 /* Frameworks */ = {
			isa = PBXFrameworksBuildPhase;
			buildActionMask = 2147483647;
			files = (
			);
			runOnlyForDeploymentPostprocessing = 0;
		};
/* End PBXFrameworksBuildPhase section */

/* Begin PBXGroup section */
		A10000300000000000000000 = {isa = PBXGroup; children = (A10000300000000000000001, A10000300000000000000002, A10000300000000000000003, A10000300000000000000004); sourceTree = "<group>"; };
		A10000300000000000000001 /* Sources */ = {isa = PBXGroup; children = (A10000100000000000000001); path = Sources; sourceTree = "<group>"; };
		A10000300000000000000002 /* Resources */ = {isa = PBXGroup; children = (A10000100000000000000002); path = Resources; sourceTree = "<group>"; };
		A10000300000000000000003 /* Supporting Files */ = {isa = PBXGroup; children = (A10000100000000000000003); path = Supporting Files; sourceTree = "<group>"; };
		A10000300000000000000004 /* Products */ = {isa = PBXGroup; children = (A10000100000000000000000); name = Products; sourceTree = "<group>"; };
/* End PBXGroup section */

/* Begin PBXNativeTarget section */
		A10000400000000000000001 /* Rothko */ = {
			isa = PBXNativeTarget;
			buildConfigurationList = A10000600000000000000001 /* Build configuration list for PBXNativeTarget "Rothko" */;
			buildPhases = (A10000500000000000000001, A10000200000000000000001, A10000500000000000000002);
			buildRules = ();
			dependencies = ();
			name = Rothko;
			productName = Rothko;
			productReference = A10000100000000000000000 /* Rothko.saver */;
			productType = "com.apple.product-type.bundle";
		};
/* End PBXNativeTarget section */

/* Begin PBXProject section */
		A10000400000000000000000 /* Project object */ = {
			isa = PBXProject;
			buildConfigurationList = A10000600000000000000000 /* Build configuration list for PBXProject "RothkoScreenSaver" */;
			compatibilityVersion = "Xcode 14.0";
			developmentRegion = en;
			hasScannedForEncodings = 0;
			knownRegions = (en, Base);
			mainGroup = A10000300000000000000000;
			productRefGroup = A10000300000000000000004 /* Products */;
			projectDirPath = "";
			projectRoot = "";
			targets = (A10000400000000000000001 /* Rothko */);
		};
/* End PBXProject section */

/* Begin PBXResourcesBuildPhase section */
		A10000500000000000000002 /* Resources */ = {isa = PBXResourcesBuildPhase; buildActionMask = 2147483647; files = (A10000010000000000000002 /* index.html in Resources */); runOnlyForDeploymentPostprocessing = 0; };
/* End PBXResourcesBuildPhase section */

/* Begin PBXSourcesBuildPhase section */
		A10000500000000000000001 /* Sources */ = {isa = PBXSourcesBuildPhase; buildActionMask = 2147483647; files = (A10000010000000000000001 /* RothkoScreenSaverView.swift in Sources */); runOnlyForDeploymentPostprocessing = 0; };
/* End PBXSourcesBuildPhase section */

/* Begin XCBuildConfiguration section */
		A10000700000000000000000 /* Debug */ = {isa = XCBuildConfiguration; buildSettings = { MACOSX_DEPLOYMENT_TARGET = 15.0; SDKROOT = macosx; SWIFT_VERSION = 5.0; }; name = Debug; };
		A10000700000000000000001 /* Release */ = {isa = XCBuildConfiguration; buildSettings = { MACOSX_DEPLOYMENT_TARGET = 15.0; SDKROOT = macosx; SWIFT_VERSION = 5.0; }; name = Release; };
		A10000700000000000000002 /* Debug */ = {isa = XCBuildConfiguration; buildSettings = { CLANG_ENABLE_MODULES = YES; CODE_SIGNING_ALLOWED = NO; CURRENT_PROJECT_VERSION = 1; GENERATE_INFOPLIST_FILE = NO; INFOPLIST_FILE = "Supporting Files/Info.plist"; INSTALL_PATH = "$(HOME)/Library/Screen Savers"; LD_RUNPATH_SEARCH_PATHS = ("$(inherited)", "@loader_path/../Frameworks"); MACH_O_TYPE = mh_bundle; PRODUCT_BUNDLE_IDENTIFIER = com.example.Rothko; PRODUCT_NAME = Rothko; SKIP_INSTALL = NO; SWIFT_EMIT_LOC_STRINGS = NO; SWIFT_OBJC_BRIDGING_HEADER = ""; }; name = Debug; };
		A10000700000000000000003 /* Release */ = {isa = XCBuildConfiguration; buildSettings = { CLANG_ENABLE_MODULES = YES; CODE_SIGNING_ALLOWED = NO; CURRENT_PROJECT_VERSION = 1; GENERATE_INFOPLIST_FILE = NO; INFOPLIST_FILE = "Supporting Files/Info.plist"; INSTALL_PATH = "$(HOME)/Library/Screen Savers"; LD_RUNPATH_SEARCH_PATHS = ("$(inherited)", "@loader_path/../Frameworks"); MACH_O_TYPE = mh_bundle; PRODUCT_BUNDLE_IDENTIFIER = com.example.Rothko; PRODUCT_NAME = Rothko; SKIP_INSTALL = NO; SWIFT_EMIT_LOC_STRINGS = NO; SWIFT_OBJC_BRIDGING_HEADER = ""; }; name = Release; };
/* End XCBuildConfiguration section */

/* Begin XCConfigurationList section */
		A10000600000000000000000 /* Build configuration list for PBXProject "RothkoScreenSaver" */ = {isa = XCConfigurationList; buildConfigurations = (A10000700000000000000000, A10000700000000000000001); defaultConfigurationIsVisible = 0; defaultConfigurationName = Release; };
		A10000600000000000000001 /* Build configuration list for PBXNativeTarget "Rothko" */ = {isa = XCConfigurationList; buildConfigurations = (A10000700000000000000002, A10000700000000000000003); defaultConfigurationIsVisible = 0; defaultConfigurationName = Release; };
/* End XCConfigurationList section */
	};
	rootObject = A10000400000000000000000 /* Project object */;
}
